{
    "_readme": [
        "This file locks the dependencies of your project to a known state",
        "Read more about it at https://getcomposer.org/doc/01-basic-usage.md#installing-dependencies",
        "This file is @generated automatically"
    ],
    "content-hash": "afce8cba91321d34ce512867485cbf5d",
    "packages": [
        {
            "name": "guibranco/pancake",
            "version": "v0.6.9",
            "source": {
                "type": "git",
                "url": "https://github.com/guibranco/pancake.git",
                "reference": "9b3577544a4749d4ceaab2cb185f2403fe42e4da"
            },
            "dist": {
                "type": "zip",
                "url": "https://api.github.com/repos/guibranco/pancake/zipball/9b3577544a4749d4ceaab2cb185f2403fe42e4da",
                "reference": "9b3577544a4749d4ceaab2cb185f2403fe42e4da",
                "shasum": ""
            },
            "require-dev": {
                "phpunit/phpunit": "11"
            },
            "type": "library",
            "autoload": {
                "psr-4": {
                    "GuiBranco\\Pancake\\": "src/"
                }
            },
            "notification-url": "https://packagist.org/downloads/",
            "license": [
                "MIT"
            ],
            "authors": [
                {
                    "name": "Guilherme Branco Stracini",
                    "email": "guilherme@guilhermebranco.com.br"
                }
            ],
            "description": "The Pancake project, a toolkit for PHP projects",
            "support": {
                "issues": "https://github.com/guibranco/pancake/issues",
                "source": "https://github.com/guibranco/pancake/tree/v0.6.9"
            },
            "time": "2024-04-29T03:45:16+00:00"
        }
    ],
    "packages-dev": [],
    "aliases": [],
    "minimum-stability": "stable",
    "stability-flags": [],
    "prefer-stable": false,
    "prefer-lowest": false,
    "platform": [],
    "platform-dev": [],
    "plugin-api-version": "2.6.0"
}
